
Microsoft Visual Studio Solution File, Format Version 12.00
# Visual Studio Version 17
VisualStudioVersion = 17.4.33205.214
MinimumVisualStudioVersion = 10.0.40219.1
Project("{8BC9CEB8-8B4A-11D0-8D11-00A0C91BC942}") = "draw_square", "draw_square\draw_square.vcxproj", "{751A0669-A5AD-4279-83D3-A3EA4F09BFAE}"
EndProject
Global
	GlobalSection(SolutionConfigurationPlatforms) = preSolution
		Debug|x64 = Debug|x64
		Debug|x86 = Debug|x86
		Release|x64 = Release|x64
		Release|x86 = Release|x86
	EndGlobalSection
	GlobalSection(ProjectConfigurationPlatforms) = postSolution
		{751A0669-A5AD-4279-83D3-A3EA4F09BFAE}.Debug|x64.ActiveCfg = Debug|x64
		{751A0669-A5AD-4279-83D3-A3EA4F09BFAE}.Debug|x64.Build.0 = Debug|x64
		{751A0669-A5AD-4279-83D3-A3EA4F09BFAE}.Debug|x86.ActiveCfg = Debug|Win32
		{751A0669-A5AD-4279-83D3-A3EA4F09BFAE}.Debug|x86.Build.0 = Debug|Win32
		{751A0669-A5AD-4279-83D3-A3EA4F09BFAE}.Release|x64.ActiveCfg = Release|x64
		{751A0669-A5AD-4279-83D3-A3EA4F09BFAE}.Release|x64.Build.0 = Release|x64
		{751A0669-A5AD-4279-83D3-A3EA4F09BFAE}.Release|x86.ActiveCfg = Release|Win32
		{751A0669-A5AD-4279-83D3-A3EA4F09BFAE}.Release|x86.Build.0 = Release|Win32
	EndGlobalSection
	GlobalSection(SolutionProperties) = preSolution
		HideSolutionNode = FALSE
	EndGlobalSection
	GlobalSection(ExtensibilityGlobals) = postSolution
		SolutionGuid = {28A77A02-A2FF-4A39-95EB-8C8746883F29}
	EndGlobalSection
EndGlobal
